{
  "name": "extensions",
  "lockfileVersion": 2,
  "requires": true,
  "packages": {
    "": {
      "dependencies": {
        "coc-eslint": ">=1.6.0",
        "coc-snippets": ">=3.1.6",
        "coc-tsserver": ">=2.1.0"
      }
    },
    "node_modules/coc-eslint": {
      "version": "1.6.0",
      "resolved": "https://registry.npmjs.org/coc-eslint/-/coc-eslint-1.6.0.tgz",
      "integrity": "sha512-TXqBCPv0w1TKHVSgzbAHPztIhVuKLbCPpWQg5QAG4dJ2R3Gufgfw57NZkRFIbfEG6nKUw+co/9stFY1af/LQuQ==",
      "engines": {
        "coc": "^0.0.80"
      }
    },
    "node_modules/coc-snippets": {
      "version": "3.1.6",
      "license": "MIT",
      "engines": {
        "coc": "^0.0.80"
      }
    },
    "node_modules/coc-tsserver": {
      "version": "2.1.0",
      "resolved": "https://registry.npmjs.org/coc-tsserver/-/coc-tsserver-2.1.0.tgz",
      "integrity": "sha512-gjc0WOlYu42m46+0kN+uBjSUPKq8kf+1aLuhnCTA6bp6cNRoen4Oe2QtTDGE71CHWSVbNYmAw1TYfRZBmHV8sQ==",
      "dependencies": {
        "typescript": "^4.9.3"
      },
      "engines": {
        "coc": "^0.0.82"
      }
    },
    "node_modules/typescript": {
      "version": "4.9.4",
      "resolved": "https://registry.npmjs.org/typescript/-/typescript-4.9.4.tgz",
      "integrity": "sha512-Uz+dTXYzxXXbsFpM86Wh3dKCxrQqUcVMxwU54orwlJjOpO3ao8L7j5lH+dWfTwgCwIuM9GQ2kvVotzYJMXTBZg==",
      "bin": {
        "tsc": "bin/tsc",
        "tsserver": "bin/tsserver"
      },
      "engines": {
        "node": ">=4.2.0"
      }
    }
  },
  "dependencies": {
    "coc-eslint": {
      "version": "1.6.0",
      "resolved": "https://registry.npmjs.org/coc-eslint/-/coc-eslint-1.6.0.tgz",
      "integrity": "sha512-TXqBCPv0w1TKHVSgzbAHPztIhVuKLbCPpWQg5QAG4dJ2R3Gufgfw57NZkRFIbfEG6nKUw+co/9stFY1af/LQuQ=="
    },
    "coc-snippets": {
      "version": "3.1.6"
    },
    "coc-tsserver": {
      "version": "2.1.0",
      "resolved": "https://registry.npmjs.org/coc-tsserver/-/coc-tsserver-2.1.0.tgz",
      "integrity": "sha512-gjc0WOlYu42m46+0kN+uBjSUPKq8kf+1aLuhnCTA6bp6cNRoen4Oe2QtTDGE71CHWSVbNYmAw1TYfRZBmHV8sQ==",
      "requires": {
        "typescript": "^4.9.3"
      }
    },
    "typescript": {
      "version": "4.9.4",
      "resolved": "https://registry.npmjs.org/typescript/-/typescript-4.9.4.tgz",
      "integrity": "sha512-Uz+dTXYzxXXbsFpM86Wh3dKCxrQqUcVMxwU54orwlJjOpO3ao8L7j5lH+dWfTwgCwIuM9GQ2kvVotzYJMXTBZg=="
    }
  }
}
